<?xml version="1.0" encoding="utf-8"?>
<Project ToolsVersion="4.0" xmlns="http://schemas.microsoft.com/developer/msbuild/2003">
  <ItemGroup>
    <Filter Include="Source Files">
      <UniqueIdentifier>{274bf872-c833-49b9-bd7b-b5b18c978b0e}</UniqueIdentifier>
      <Extensions>cpp;c;cxx;rc;def;r;odl;hpj;bat;for;f90</Extensions>
    </Filter>
    <Filter Include="Source Files\Client">
      <UniqueIdentifier>{31bad006-2af2-4c6d-b3d2-67efb92c9320}</UniqueIdentifier>
    </Filter>
    <Filter Include="Source Files\Draw">
      <UniqueIdentifier>{197a96da-06a7-4f08-bd02-1d5416111820}</UniqueIdentifier>
    </Filter>
    <Filter Include="Source Files\Input">
      <UniqueIdentifier>{0c93caa0-b2d3-46fc-9990-8f0a8a2c5e4f}</UniqueIdentifier>
    </Filter>
    <Filter Include="Source Files\Misc">
      <UniqueIdentifier>{6cda0b8a-c61e-4571-a4cd-e35800b43ac3}</UniqueIdentifier>
    </Filter>
    <Filter Include="Source Files\Network">
      <UniqueIdentifier>{2b1f4385-cf47-4d6d-8f8f-11ec65c39eb9}</UniqueIdentifier>
    </Filter>
    <Filter Include="Source Files\OpenGL">
      <UniqueIdentifier>{3af75aaa-7e7c-449a-8ac0-d9b94cdcb2fe}</UniqueIdentifier>
    </Filter>
    <Filter Include="Source Files\Server">
      <UniqueIdentifier>{fa38ac78-9c80-4144-8a43-ecb1484f23cd}</UniqueIdentifier>
    </Filter>
    <Filter Include="Source Files\Software">
      <UniqueIdentifier>{ce86aa0d-7d3a-445e-9484-b459bc08d317}</UniqueIdentifier>
    </Filter>
    <Filter Include="Source Files\Sound">
      <UniqueIdentifier>{ebac7037-72c0-480b-b2b4-a992a9a0da8e}</UniqueIdentifier>
    </Filter>
    <Filter Include="Source Files\System">
      <UniqueIdentifier>{27ff4a4a-ab83-475f-a353-f577394ad054}</UniqueIdentifier>
    </Filter>
    <Filter Include="Source Files\Video">
      <UniqueIdentifier>{1f128b2d-27a0-451f-a0b7-a7635bdd16a9}</UniqueIdentifier>
    </Filter>
    <Filter Include="Source Files\VM">
      <UniqueIdentifier>{db786777-70d4-49ef-8eea-314112900156}</UniqueIdentifier>
    </Filter>
    <Filter Include="Source Files\Console">
      <UniqueIdentifier>{a3660701-a67e-4501-98c8-368717a8d4a0}</UniqueIdentifier>
    </Filter>
    <Filter Include="Source Files\GUI">
      <UniqueIdentifier>{e10ba4a7-685a-42ce-9912-9b6d5b63ba3b}</UniqueIdentifier>
    </Filter>
    <Filter Include="Header Files">
      <UniqueIdentifier>{129c38b1-767f-4712-9f2a-98ad57bec4f2}</UniqueIdentifier>
      <Extensions>h;hpp;hxx;hm;inl;fi;fd</Extensions>
    </Filter>
    <Filter Include="Resource Files">
      <UniqueIdentifier>{a79c8ecf-9980-4443-b734-5f86c8fe7dbb}</UniqueIdentifier>
      <Extensions>ico;cur;bmp;dlg;rc2;rct;bin;cnt;rtf;gif;jpg;jpeg;jpe</Extensions>
    </Filter>
  </ItemGroup>
  <ItemGroup>
    <ClCompile Include="source\chase.c">
      <Filter>Source Files\Client</Filter>
    </ClCompile>
    <ClCompile Include="source\cl_demo.c">
      <Filter>Source Files\Client</Filter>
    </ClCompile>
    <ClCompile Include="source\cl_input.c">
      <Filter>Source Files\Client</Filter>
    </ClCompile>
    <ClCompile Include="source\cl_main.c">
      <Filter>Source Files\Client</Filter>
    </ClCompile>
    <ClCompile Include="source\cl_parse.c">
      <Filter>Source Files\Client</Filter>
    </ClCompile>
    <ClCompile Include="source\cl_tent.c">
      <Filter>Source Files\Client</Filter>
    </ClCompile>
    <ClCompile Include="source\location.c">
      <Filter>Source Files\Client</Filter>
    </ClCompile>
    <ClCompile Include="source\sbar.c">
      <Filter>Source Files\Client</Filter>
    </ClCompile>
    <ClCompile Include="source\view.c">
      <Filter>Source Files\Client</Filter>
    </ClCompile>
    <ClCompile Include="source\webdownload.c">
      <Filter>Source Files\Client</Filter>
    </ClCompile>
    <ClCompile Include="source\r_aclip.c">
      <Filter>Source Files\Draw</Filter>
    </ClCompile>
    <ClCompile Include="source\r_alias.c">
      <Filter>Source Files\Draw</Filter>
    </ClCompile>
    <ClCompile Include="source\r_bsp.c">
      <Filter>Source Files\Draw</Filter>
    </ClCompile>
    <ClCompile Include="source\r_draw.c">
      <Filter>Source Files\Draw</Filter>
    </ClCompile>
    <ClCompile Include="source\r_edge.c">
      <Filter>Source Files\Draw</Filter>
    </ClCompile>
    <ClCompile Include="source\r_efrag.c">
      <Filter>Source Files\Draw</Filter>
    </ClCompile>
    <ClCompile Include="source\r_light.c">
      <Filter>Source Files\Draw</Filter>
    </ClCompile>
    <ClCompile Include="source\r_main.c">
      <Filter>Source Files\Draw</Filter>
    </ClCompile>
    <ClCompile Include="source\r_misc.c">
      <Filter>Source Files\Draw</Filter>
    </ClCompile>
    <ClCompile Include="source\r_model.c">
      <Filter>Source Files\Draw</Filter>
    </ClCompile>
    <ClCompile Include="source\r_part.c">
      <Filter>Source Files\Draw</Filter>
    </ClCompile>
    <ClCompile Include="source\r_rast.c">
      <Filter>Source Files\Draw</Filter>
    </ClCompile>
    <ClCompile Include="source\r_screen.c">
      <Filter>Source Files\Draw</Filter>
    </ClCompile>
    <ClCompile Include="source\r_sky.c">
      <Filter>Source Files\Draw</Filter>
    </ClCompile>
    <ClCompile Include="source\r_sprite.c">
      <Filter>Source Files\Draw</Filter>
    </ClCompile>
    <ClCompile Include="source\r_surf.c">
      <Filter>Source Files\Draw</Filter>
    </ClCompile>
    <ClCompile Include="source\r_vars.c">
      <Filter>Source Files\Draw</Filter>
    </ClCompile>
    <ClCompile Include="source\in_win.c">
      <Filter>Source Files\Input</Filter>
    </ClCompile>
    <ClCompile Include="source\keys.c">
      <Filter>Source Files\Input</Filter>
    </ClCompile>
    <ClCompile Include="source\crc.c">
      <Filter>Source Files\Misc</Filter>
    </ClCompile>
    <ClCompile Include="source\fmod.c">
      <Filter>Source Files\Misc</Filter>
    </ClCompile>
    <ClCompile Include="source\mathlib.c">
      <Filter>Source Files\Misc</Filter>
    </ClCompile>
    <ClCompile Include="source\matrixlib.c">
      <Filter>Source Files\Misc</Filter>
    </ClCompile>
    <ClCompile Include="source\nehahra.c">
      <Filter>Source Files\Misc</Filter>
    </ClCompile>
    <ClCompile Include="source\version.c">
      <Filter>Source Files\Misc</Filter>
    </ClCompile>
    <ClCompile Include="source\wad.c">
      <Filter>Source Files\Misc</Filter>
    </ClCompile>
    <ClCompile Include="source\world.c">
      <Filter>Source Files\Misc</Filter>
    </ClCompile>
    <ClCompile Include="source\zone.c">
      <Filter>Source Files\Misc</Filter>
    </ClCompile>
    <ClCompile Include="source\net_dgrm.c">
      <Filter>Source Files\Network</Filter>
    </ClCompile>
    <ClCompile Include="source\net_loop.c">
      <Filter>Source Files\Network</Filter>
    </ClCompile>
    <ClCompile Include="source\net_main.c">
      <Filter>Source Files\Network</Filter>
    </ClCompile>
    <ClCompile Include="source\net_vcr.c">
      <Filter>Source Files\Network</Filter>
    </ClCompile>
    <ClCompile Include="source\net_win.c">
      <Filter>Source Files\Network</Filter>
    </ClCompile>
    <ClCompile Include="source\net_wins.c">
      <Filter>Source Files\Network</Filter>
    </ClCompile>
    <ClCompile Include="source\net_wipx.c">
      <Filter>Source Files\Network</Filter>
    </ClCompile>
    <ClCompile Include="source\corona.c">
      <Filter>Source Files\OpenGL</Filter>
    </ClCompile>
    <ClCompile Include="source\gl_bloom.c">
      <Filter>Source Files\OpenGL</Filter>
    </ClCompile>
    <ClCompile Include="source\gl_decals.c">
      <Filter>Source Files\OpenGL</Filter>
    </ClCompile>
    <ClCompile Include="source\gl_draw.c">
      <Filter>Source Files\OpenGL</Filter>
    </ClCompile>
    <ClCompile Include="source\gl_fakegl.c">
      <Filter>Source Files\OpenGL</Filter>
    </ClCompile>
    <ClCompile Include="source\gl_image.c">
      <Filter>Source Files\OpenGL</Filter>
    </ClCompile>
    <ClCompile Include="source\gl_mesh.c">
      <Filter>Source Files\OpenGL</Filter>
    </ClCompile>
    <ClCompile Include="source\gl_model.c">
      <Filter>Source Files\OpenGL</Filter>
    </ClCompile>
    <ClCompile Include="source\gl_refrag.c">
      <Filter>Source Files\OpenGL</Filter>
    </ClCompile>
    <ClCompile Include="source\gl_rlight.c">
      <Filter>Source Files\OpenGL</Filter>
    </ClCompile>
    <ClCompile Include="source\gl_rmain.c">
      <Filter>Source Files\OpenGL</Filter>
    </ClCompile>
    <ClCompile Include="source\gl_rmisc.c">
      <Filter>Source Files\OpenGL</Filter>
    </ClCompile>
    <ClCompile Include="source\gl_rpart.c">
      <Filter>Source Files\OpenGL</Filter>
    </ClCompile>
    <ClCompile Include="source\gl_rsurf.c">
      <Filter>Source Files\OpenGL</Filter>
    </ClCompile>
    <ClCompile Include="source\gl_screen.c">
      <Filter>Source Files\OpenGL</Filter>
    </ClCompile>
    <ClCompile Include="source\gl_smokes.c">
      <Filter>Source Files\OpenGL</Filter>
    </ClCompile>
    <ClCompile Include="source\gl_vertex.c">
      <Filter>Source Files\OpenGL</Filter>
    </ClCompile>
    <ClCompile Include="source\gl_warp.c">
      <Filter>Source Files\OpenGL</Filter>
    </ClCompile>
    <ClCompile Include="source\host.c">
      <Filter>Source Files\Server</Filter>
    </ClCompile>
    <ClCompile Include="source\host_cmd.c">
      <Filter>Source Files\Server</Filter>
    </ClCompile>
    <ClCompile Include="source\iplog.c">
      <Filter>Source Files\Server</Filter>
    </ClCompile>
    <ClCompile Include="source\sv_main.c">
      <Filter>Source Files\Server</Filter>
    </ClCompile>
    <ClCompile Include="source\sv_move.c">
      <Filter>Source Files\Server</Filter>
    </ClCompile>
    <ClCompile Include="source\sv_phys.c">
      <Filter>Source Files\Server</Filter>
    </ClCompile>
    <ClCompile Include="source\sv_user.c">
      <Filter>Source Files\Server</Filter>
    </ClCompile>
    <ClCompile Include="source\d_edge.c">
      <Filter>Source Files\Software</Filter>
    </ClCompile>
    <ClCompile Include="source\d_fill.c">
      <Filter>Source Files\Software</Filter>
    </ClCompile>
    <ClCompile Include="source\d_init.c">
      <Filter>Source Files\Software</Filter>
    </ClCompile>
    <ClCompile Include="source\d_modech.c">
      <Filter>Source Files\Software</Filter>
    </ClCompile>
    <ClCompile Include="source\d_polyse.c">
      <Filter>Source Files\Software</Filter>
    </ClCompile>
    <ClCompile Include="source\d_scan.c">
      <Filter>Source Files\Software</Filter>
    </ClCompile>
    <ClCompile Include="source\d_sky.c">
      <Filter>Source Files\Software</Filter>
    </ClCompile>
    <ClCompile Include="source\d_sprite.c">
      <Filter>Source Files\Software</Filter>
    </ClCompile>
    <ClCompile Include="source\d_surf.c">
      <Filter>Source Files\Software</Filter>
    </ClCompile>
    <ClCompile Include="source\d_vars.c">
      <Filter>Source Files\Software</Filter>
    </ClCompile>
    <ClCompile Include="source\d_zpoint.c">
      <Filter>Source Files\Software</Filter>
    </ClCompile>
    <ClCompile Include="source\cd_win.c">
      <Filter>Source Files\Sound</Filter>
    </ClCompile>
    <ClCompile Include="source\snd_dma.c">
      <Filter>Source Files\Sound</Filter>
    </ClCompile>
    <ClCompile Include="source\snd_mem.c">
      <Filter>Source Files\Sound</Filter>
    </ClCompile>
    <ClCompile Include="source\snd_mix.c">
      <Filter>Source Files\Sound</Filter>
    </ClCompile>
    <ClCompile Include="source\snd_win.c">
      <Filter>Source Files\Sound</Filter>
    </ClCompile>
    <ClCompile Include="source\common.c">
      <Filter>Source Files\System</Filter>
    </ClCompile>
    <ClCompile Include="source\sys_win.c">
      <Filter>Source Files\System</Filter>
    </ClCompile>
    <ClCompile Include="source\movie.c">
      <Filter>Source Files\Video</Filter>
    </ClCompile>
    <ClCompile Include="source\movie_avi.c">
      <Filter>Source Files\Video</Filter>
    </ClCompile>
    <ClCompile Include="source\vid_common_gl.c">
      <Filter>Source Files\Video</Filter>
    </ClCompile>
    <ClCompile Include="source\vid_glx.c">
      <Filter>Source Files\Video</Filter>
    </ClCompile>
    <ClCompile Include="source\vid_svgalib.c">
      <Filter>Source Files\Video</Filter>
    </ClCompile>
    <ClCompile Include="source\vid_wgl.c">
      <Filter>Source Files\Video</Filter>
    </ClCompile>
    <ClCompile Include="source\vid_win.c">
      <Filter>Source Files\Video</Filter>
    </ClCompile>
    <ClCompile Include="source\vid_x11.c">
      <Filter>Source Files\Video</Filter>
    </ClCompile>
    <ClCompile Include="source\pr_cmds.c">
      <Filter>Source Files\VM</Filter>
    </ClCompile>
    <ClCompile Include="source\pr_edict.c">
      <Filter>Source Files\VM</Filter>
    </ClCompile>
    <ClCompile Include="source\pr_exec.c">
      <Filter>Source Files\VM</Filter>
    </ClCompile>
    <ClCompile Include="source\cmd.c">
      <Filter>Source Files\Console</Filter>
    </ClCompile>
    <ClCompile Include="source\conproc.c">
      <Filter>Source Files\Console</Filter>
    </ClCompile>
    <ClCompile Include="source\console.c">
      <Filter>Source Files\Console</Filter>
    </ClCompile>
    <ClCompile Include="source\cvar.c">
      <Filter>Source Files\Console</Filter>
    </ClCompile>
    <ClCompile Include="source\menu.c">
      <Filter>Source Files\GUI</Filter>
    </ClCompile>
    <ClCompile Include="source\slist.c">
      <Filter>Source Files\GUI</Filter>
    </ClCompile>
  </ItemGroup>
  <ItemGroup>
    <ClInclude Include="source\anorm_dots.h">
      <Filter>Header Files</Filter>
    </ClInclude>
    <ClInclude Include="source\anorms.h">
      <Filter>Header Files</Filter>
    </ClInclude>
    <ClInclude Include="source\bspfile.h">
      <Filter>Header Files</Filter>
    </ClInclude>
    <ClInclude Include="source\cdaudio.h">
      <Filter>Header Files</Filter>
    </ClInclude>
    <ClInclude Include="source\client.h">
      <Filter>Header Files</Filter>
    </ClInclude>
    <ClInclude Include="source\cmd.h">
      <Filter>Header Files</Filter>
    </ClInclude>
    <ClInclude Include="source\common.h">
      <Filter>Header Files</Filter>
    </ClInclude>
    <ClInclude Include="source\conproc.h">
      <Filter>Header Files</Filter>
    </ClInclude>
    <ClInclude Include="source\console.h">
      <Filter>Header Files</Filter>
    </ClInclude>
    <ClInclude Include="source\crc.h">
      <Filter>Header Files</Filter>
    </ClInclude>
    <ClInclude Include="source\curl.h">
      <Filter>Header Files</Filter>
    </ClInclude>
    <ClInclude Include="source\curlver.h">
      <Filter>Header Files</Filter>
    </ClInclude>
    <ClInclude Include="source\cvar.h">
      <Filter>Header Files</Filter>
    </ClInclude>
    <ClInclude Include="inc\d3d.h">
      <Filter>Header Files</Filter>
    </ClInclude>
    <ClInclude Include="source\d_iface.h">
      <Filter>Header Files</Filter>
    </ClInclude>
    <ClInclude Include="source\d_ifacea.h">
      <Filter>Header Files</Filter>
    </ClInclude>
    <ClInclude Include="source\d_local.h">
      <Filter>Header Files</Filter>
    </ClInclude>
    <ClInclude Include="inc\dinput.h">
      <Filter>Header Files</Filter>
    </ClInclude>
    <ClInclude Include="source\draw.h">
      <Filter>Header Files</Filter>
    </ClInclude>
    <ClInclude Include="inc\dsound.h">
      <Filter>Header Files</Filter>
    </ClInclude>
    <ClInclude Include="inc\dxfile.h">
      <Filter>Header Files</Filter>
    </ClInclude>
    <ClInclude Include="source\easy.h">
      <Filter>Header Files</Filter>
    </ClInclude>
    <ClInclude Include="source\fakegl.h">
      <Filter>Header Files</Filter>
    </ClInclude>
    <ClInclude Include="source\fmod.h">
      <Filter>Header Files</Filter>
    </ClInclude>
    <ClInclude Include="inc\fmod_errors.h">
      <Filter>Header Files</Filter>
    </ClInclude>
    <ClInclude Include="source\gl_bloom.h">
      <Filter>Header Files</Filter>
    </ClInclude>
    <ClInclude Include="source\gl_model.h">
      <Filter>Header Files</Filter>
    </ClInclude>
    <ClInclude Include="source\gl_warp_sin.h">
      <Filter>Header Files</Filter>
    </ClInclude>
    <ClInclude Include="source\glquake.h">
      <Filter>Header Files</Filter>
    </ClInclude>
    <ClInclude Include="source\gnu_gpl_v2.h">
      <Filter>Header Files</Filter>
    </ClInclude>
    <ClInclude Include="source\input.h">
      <Filter>Header Files</Filter>
    </ClInclude>
    <ClInclude Include="source\iplog.h">
      <Filter>Header Files</Filter>
    </ClInclude>
    <ClInclude Include="source\keys.h">
      <Filter>Header Files</Filter>
    </ClInclude>
    <ClInclude Include="source\location.h">
      <Filter>Header Files</Filter>
    </ClInclude>
    <ClInclude Include="source\mathlib.h">
      <Filter>Header Files</Filter>
    </ClInclude>
    <ClInclude Include="source\matrixlib.h">
      <Filter>Header Files</Filter>
    </ClInclude>
    <ClInclude Include="source\menu.h">
      <Filter>Header Files</Filter>
    </ClInclude>
    <ClInclude Include="source\modelgen.h">
      <Filter>Header Files</Filter>
    </ClInclude>
    <ClInclude Include="source\movie.h">
      <Filter>Header Files</Filter>
    </ClInclude>
    <ClInclude Include="source\movie_avi.h">
      <Filter>Header Files</Filter>
    </ClInclude>
    <ClInclude Include="source\mprintf.h">
      <Filter>Header Files</Filter>
    </ClInclude>
    <ClInclude Include="source\multi.h">
      <Filter>Header Files</Filter>
    </ClInclude>
    <ClInclude Include="source\nehahra.h">
      <Filter>Header Files</Filter>
    </ClInclude>
    <ClInclude Include="source\net.h">
      <Filter>Header Files</Filter>
    </ClInclude>
    <ClInclude Include="source\net_dgrm.h">
      <Filter>Header Files</Filter>
    </ClInclude>
    <ClInclude Include="source\net_loop.h">
      <Filter>Header Files</Filter>
    </ClInclude>
    <ClInclude Include="source\net_vcr.h">
      <Filter>Header Files</Filter>
    </ClInclude>
    <ClInclude Include="source\net_wins.h">
      <Filter>Header Files</Filter>
    </ClInclude>
    <ClInclude Include="source\net_wipx.h">
      <Filter>Header Files</Filter>
    </ClInclude>
    <ClInclude Include="source\png.h">
      <Filter>Header Files</Filter>
    </ClInclude>
    <ClInclude Include="source\pngconf.h">
      <Filter>Header Files</Filter>
    </ClInclude>
    <ClInclude Include="source\pr_comp.h">
      <Filter>Header Files</Filter>
    </ClInclude>
    <ClInclude Include="source\progdefs.h">
      <Filter>Header Files</Filter>
    </ClInclude>
    <ClInclude Include="source\progs.h">
      <Filter>Header Files</Filter>
    </ClInclude>
    <ClInclude Include="source\protocol.h">
      <Filter>Header Files</Filter>
    </ClInclude>
    <ClInclude Include="source\quakeasm.h">
      <Filter>Header Files</Filter>
    </ClInclude>
    <ClInclude Include="source\quakedef.h">
      <Filter>Header Files</Filter>
    </ClInclude>
    <ClInclude Include="source\r_local.h">
      <Filter>Header Files</Filter>
    </ClInclude>
    <ClInclude Include="source\r_shared.h">
      <Filter>Header Files</Filter>
    </ClInclude>
    <ClInclude Include="source\render.h">
      <Filter>Header Files</Filter>
    </ClInclude>
    <ClInclude Include="inc\resource.h">
      <Filter>Header Files</Filter>
    </ClInclude>
    <ClInclude Include="source\sbar.h">
      <Filter>Header Files</Filter>
    </ClInclude>
    <ClInclude Include="source\screen.h">
      <Filter>Header Files</Filter>
    </ClInclude>
    <ClInclude Include="source\security.h">
      <Filter>Header Files</Filter>
    </ClInclude>
    <ClInclude Include="source\server.h">
      <Filter>Header Files</Filter>
    </ClInclude>
    <ClInclude Include="source\slist.h">
      <Filter>Header Files</Filter>
    </ClInclude>
    <ClInclude Include="source\sound.h">
      <Filter>Header Files</Filter>
    </ClInclude>
    <ClInclude Include="source\spritegn.h">
      <Filter>Header Files</Filter>
    </ClInclude>
    <ClInclude Include="source\stdcheaders.h">
      <Filter>Header Files</Filter>
    </ClInclude>
    <ClInclude Include="source\sys.h">
      <Filter>Header Files</Filter>
    </ClInclude>
    <ClInclude Include="source\types.h">
      <Filter>Header Files</Filter>
    </ClInclude>
    <ClInclude Include="source\version.h">
      <Filter>Header Files</Filter>
    </ClInclude>
    <ClInclude Include="source\vid.h">
      <Filter>Header Files</Filter>
    </ClInclude>
    <ClInclude Include="source\view.h">
      <Filter>Header Files</Filter>
    </ClInclude>
    <ClInclude Include="source\wad.h">
      <Filter>Header Files</Filter>
    </ClInclude>
    <ClInclude Include="source\webdownload.h">
      <Filter>Header Files</Filter>
    </ClInclude>
    <ClInclude Include="source\Winquake.h">
      <Filter>Header Files</Filter>
    </ClInclude>
    <ClInclude Include="source\world.h">
      <Filter>Header Files</Filter>
    </ClInclude>
    <ClInclude Include="source\zlib.h">
      <Filter>Header Files</Filter>
    </ClInclude>
    <ClInclude Include="source\zone.h">
      <Filter>Header Files</Filter>
    </ClInclude>
  </ItemGroup>
  <ItemGroup>
    <Image Include="bitmap1.bmp">
      <Filter>Resource Files</Filter>
    </Image>
    <Image Include="bitmap2.bmp">
      <Filter>Resource Files</Filter>
    </Image>
    <Image Include="quake.ico">
      <Filter>Resource Files</Filter>
    </Image>
  </ItemGroup>
  <ItemGroup>
    <None Include="cursor1.cur">
      <Filter>Resource Files</Filter>
    </None>
  </ItemGroup>
  <ItemGroup>
    <ResourceCompile Include="qrack.rc">
      <Filter>Resource Files</Filter>
    </ResourceCompile>
  </ItemGroup>
  <ItemGroup>
    <Text Include="cvarlist.txt" />
    <Text Include="whatsnew.txt" />
  </ItemGroup>
  <ItemGroup>
    <Library Include="libs\dxguid.lib" />
    <Library Include="libs\libcurl.lib" />
    <Library Include="libs\libjpeg.lib" />
    <Library Include="libs\libpng.lib" />
    <Library Include="libs\Quakeasm.lib" />
    <Library Include="libs\zlib.lib" />
  </ItemGroup>
  <ItemGroup>
    <CustomBuild Include="inc\gl_ext.h">
      <Filter>Header Files</Filter>
    </CustomBuild>
  </ItemGroup>
</Project>